
Microsoft Visual Studio Solution File, Format Version 12.00
# Visual Studio 15
VisualStudioVersion = 15.0.26430.16
MinimumVisualStudioVersion = 10.0.40219.1
Project("{2150E333-8FDC-42A3-9474-1A3956D46DE8}") = "BuildingBlocks", "BuildingBlocks", "{E88C1B26-BCA5-41A3-BE30-BEBB12ECC085}"
EndProject
Project("{9A19103F-16F7-4668-BE54-9A1E7A4F7556}") = "EventBus", "BuildingBlocks\EventBus\EventBus\EventBus.csproj", "{399126A2-CD1D-438B-8025-EBBDBA0892A3}"
EndProject
Project("{9A19103F-16F7-4668-BE54-9A1E7A4F7556}") = "EventBusServiceBus", "BuildingBlocks\EventBus\EventBusServiceBus\EventBusServiceBus.csproj", "{1F4FD0F0-70D9-4BDA-A34F-34C4243D94D2}"
EndProject
Project("{9A19103F-16F7-4668-BE54-9A1E7A4F7556}") = "Microsoft.Extensions.HealthChecks.SqlServer", "BuildingBlocks\HealthChecks\src\Microsoft.Extensions.HealthChecks.SqlServer\Microsoft.Extensions.HealthChecks.SqlServer.csproj", "{A6DCEF29-9DC1-4D62-91ED-57DFCA63D20B}"
EndProject
Project("{9A19103F-16F7-4668-BE54-9A1E7A4F7556}") = "EventBusRabbitMQ", "BuildingBlocks\EventBus\EventBusRabbitMQ\EventBusRabbitMQ.csproj", "{19F0F0AB-83C4-47C5-BAD1-A9763196BB92}"
EndProject
Project("{9A19103F-16F7-4668-BE54-9A1E7A4F7556}") = "IntegrationEventLogEF", "BuildingBlocks\EventBus\IntegrationEventLogEF\IntegrationEventLogEF.csproj", "{A659214F-97CC-42E2-BC4D-27ABB3019ED2}"
EndProject
Project("{9A19103F-16F7-4668-BE54-9A1E7A4F7556}") = "Microsoft.Extensions.HealthChecks", "BuildingBlocks\HealthChecks\src\Microsoft.Extensions.HealthChecks\Microsoft.Extensions.HealthChecks.csproj", "{5985A975-0FE2-4AC1-A511-2FD1E65A401F}"
EndProject
Project("{9A19103F-16F7-4668-BE54-9A1E7A4F7556}") = "Microsoft.AspNetCore.HealthChecks", "BuildingBlocks\HealthChecks\src\Microsoft.AspNetCore.HealthChecks\Microsoft.AspNetCore.HealthChecks.csproj", "{12B7BA92-6B8E-4FC1-B0D0-6670207FEF8C}"
EndProject
Project("{2150E333-8FDC-42A3-9474-1A3956D46DE8}") = "MicroserviceArchitecture", "MicroserviceArchitecture", "{55976B7D-DE42-42C7-993D-9963BA1A961E}"
EndProject
Project("{9A19103F-16F7-4668-BE54-9A1E7A4F7556}") = "GameOfThrones.Domain", "MicroserviceArchitecture\DomainDrivenDesign.Domain\GameOfThrones.Domain.csproj", "{249AA55E-F0A9-463B-9421-C1BC2BE2F89F}"
EndProject
Project("{2150E333-8FDC-42A3-9474-1A3956D46DE8}") = "DDD.DomainLayer", "DDD.DomainLayer", "{72EF98C4-68D6-439B-894C-44357CD0244A}"
EndProject
Project("{2150E333-8FDC-42A3-9474-1A3956D46DE8}") = "DDD.DataAccessInfrastructure", "DDD.DataAccessInfrastructure", "{B8345A77-5732-4EF6-ADFC-E8A682999136}"
EndProject
Project("{2150E333-8FDC-42A3-9474-1A3956D46DE8}") = "GameOfThrones", "GameOfThrones", "{CEC88AA9-5FCC-4417-B191-86AF32065955}"
EndProject
Project("{9A19103F-16F7-4668-BE54-9A1E7A4F7556}") = "GameOfThrones.Infrastructure", "GameOfThrones.Infrastructure\GameOfThrones.Infrastructure.csproj", "{6770C42F-633F-4692-A2B5-09028EBE7C46}"
EndProject
Project("{2150E333-8FDC-42A3-9474-1A3956D46DE8}") = "APIWithSwagger", "APIWithSwagger", "{F0869367-B8E0-44BE-AC67-F982BAD269EB}"
EndProject
Project("{9A19103F-16F7-4668-BE54-9A1E7A4F7556}") = "GameOfThrones.API", "GameOfThrones.API\GameOfThrones.API.csproj", "{96D3CAFE-6204-4AE0-90D9-43D5CA503D60}"
EndProject
Project("{9A19103F-16F7-4668-BE54-9A1E7A4F7556}") = "DDD.Domain.Core", "DomainDrivenDesign.Domain\DDD.Domain.Core.csproj", "{CC8FC91E-8F1B-4F34-BDAF-0FBCC3BA9389}"
EndProject
Project("{9A19103F-16F7-4668-BE54-9A1E7A4F7556}") = "DDD.Infra.Core", "DomainDrivenDesign.Infrastructure\DDD.Infra.Core.csproj", "{214EFA47-1B95-4EF3-B69C-77F749609111}"
EndProject
Project("{2150E333-8FDC-42A3-9474-1A3956D46DE8}") = "CQRS.CommandAndQuery", "CQRS.CommandAndQuery", "{71313B78-E4C6-4255-8B96-8608B27736F7}"
EndProject
Project("{9A19103F-16F7-4668-BE54-9A1E7A4F7556}") = "GameOfThrones.DomainDrivenDesign.BusinessCommand", "GameOfThrones.DomainDrivenDesign.BusinessCommand\GameOfThrones.DomainDrivenDesign.BusinessCommand.csproj", "{DDE9C393-8A15-4357-AAC1-5EAE93C7793D}"
EndProject
Project("{9A19103F-16F7-4668-BE54-9A1E7A4F7556}") = "GameOfThrones.DomainDrivenDesign.BusinessQuery", "GameOfThrones.DomainDrivenDesign.BusinessQuery\GameOfThrones.DomainDrivenDesign.BusinessQuery.csproj", "{D462A922-57CA-40A1-BCDE-CAA56826FE3E}"
EndProject
Project("{2150E333-8FDC-42A3-9474-1A3956D46DE8}") = "CQRS.EventSourcing", "CQRS.EventSourcing", "{89920ACB-6AAA-49AD-B32E-3C9E07FE15A2}"
EndProject
Project("{9A19103F-16F7-4668-BE54-9A1E7A4F7556}") = "GameOfThrones.EventSourcing", "GameOfThrones.EventSourcing\GameOfThrones.EventSourcing.csproj", "{1D05F60F-55C2-4C01-B784-D9C57F71EFFB}"
EndProject
Project("{9A19103F-16F7-4668-BE54-9A1E7A4F7556}") = "DDD.Infra.EventSourcing.Core", "DomainDrivenDesign.Infrastructure.EventSourcing\DDD.Infra.EventSourcing.Core.csproj", "{C44C1447-6C6C-43F3-90D4-B265386EB8BC}"
EndProject
Project("{9A19103F-16F7-4668-BE54-9A1E7A4F7556}") = "DDD.Infra.CrossCutting.Bus.Core", "DDD.Infra.CrossCutting.Bus.Core\DDD.Infra.CrossCutting.Bus.Core.csproj", "{2DA0F776-0344-4FA1-95FC-2CEA57388332}"
EndProject
Project("{9A19103F-16F7-4668-BE54-9A1E7A4F7556}") = "DDD.EventSourcing.Core", "DDD.EventSourcing.Core\DDD.EventSourcing.Core.csproj", "{34D7CF9C-3368-422A-BAD4-312A07980C4B}"
EndProject
Project("{FAE04EC0-301F-11D3-BF4B-00C04F79EFBC}") = "DDD.Infra.CrossCutting.IoC", "DDD.Infra.CrossCutting.IoC\DDD.Infra.CrossCutting.IoC.csproj", "{DC6E4DB6-9A52-4CA2-92B8-1C17833E3FDD}"
EndProject
Global
	GlobalSection(SolutionConfigurationPlatforms) = preSolution
		Debug|Any CPU = Debug|Any CPU
		Release|Any CPU = Release|Any CPU
	EndGlobalSection
	GlobalSection(ProjectConfigurationPlatforms) = postSolution
		{399126A2-CD1D-438B-8025-EBBDBA0892A3}.Debug|Any CPU.ActiveCfg = Debug|Any CPU
		{399126A2-CD1D-438B-8025-EBBDBA0892A3}.Debug|Any CPU.Build.0 = Debug|Any CPU
		{399126A2-CD1D-438B-8025-EBBDBA0892A3}.Release|Any CPU.ActiveCfg = Release|Any CPU
		{399126A2-CD1D-438B-8025-EBBDBA0892A3}.Release|Any CPU.Build.0 = Release|Any CPU
		{1F4FD0F0-70D9-4BDA-A34F-34C4243D94D2}.Debug|Any CPU.ActiveCfg = Debug|Any CPU
		{1F4FD0F0-70D9-4BDA-A34F-34C4243D94D2}.Debug|Any CPU.Build.0 = Debug|Any CPU
		{1F4FD0F0-70D9-4BDA-A34F-34C4243D94D2}.Release|Any CPU.ActiveCfg = Release|Any CPU
		{1F4FD0F0-70D9-4BDA-A34F-34C4243D94D2}.Release|Any CPU.Build.0 = Release|Any CPU
		{A6DCEF29-9DC1-4D62-91ED-57DFCA63D20B}.Debug|Any CPU.ActiveCfg = Debug|Any CPU
		{A6DCEF29-9DC1-4D62-91ED-57DFCA63D20B}.Debug|Any CPU.Build.0 = Debug|Any CPU
		{A6DCEF29-9DC1-4D62-91ED-57DFCA63D20B}.Release|Any CPU.ActiveCfg = Release|Any CPU
		{A6DCEF29-9DC1-4D62-91ED-57DFCA63D20B}.Release|Any CPU.Build.0 = Release|Any CPU
		{19F0F0AB-83C4-47C5-BAD1-A9763196BB92}.Debug|Any CPU.ActiveCfg = Debug|Any CPU
		{19F0F0AB-83C4-47C5-BAD1-A9763196BB92}.Debug|Any CPU.Build.0 = Debug|Any CPU
		{19F0F0AB-83C4-47C5-BAD1-A9763196BB92}.Release|Any CPU.ActiveCfg = Release|Any CPU
		{19F0F0AB-83C4-47C5-BAD1-A9763196BB92}.Release|Any CPU.Build.0 = Release|Any CPU
		{A659214F-97CC-42E2-BC4D-27ABB3019ED2}.Debug|Any CPU.ActiveCfg = Debug|Any CPU
		{A659214F-97CC-42E2-BC4D-27ABB3019ED2}.Debug|Any CPU.Build.0 = Debug|Any CPU
		{A659214F-97CC-42E2-BC4D-27ABB3019ED2}.Release|Any CPU.ActiveCfg = Release|Any CPU
		{A659214F-97CC-42E2-BC4D-27ABB3019ED2}.Release|Any CPU.Build.0 = Release|Any CPU
		{5985A975-0FE2-4AC1-A511-2FD1E65A401F}.Debug|Any CPU.ActiveCfg = Debug|Any CPU
		{5985A975-0FE2-4AC1-A511-2FD1E65A401F}.Debug|Any CPU.Build.0 = Debug|Any CPU
		{5985A975-0FE2-4AC1-A511-2FD1E65A401F}.Release|Any CPU.ActiveCfg = Release|Any CPU
		{5985A975-0FE2-4AC1-A511-2FD1E65A401F}.Release|Any CPU.Build.0 = Release|Any CPU
		{12B7BA92-6B8E-4FC1-B0D0-6670207FEF8C}.Debug|Any CPU.ActiveCfg = Debug|Any CPU
		{12B7BA92-6B8E-4FC1-B0D0-6670207FEF8C}.Debug|Any CPU.Build.0 = Debug|Any CPU
		{12B7BA92-6B8E-4FC1-B0D0-6670207FEF8C}.Release|Any CPU.ActiveCfg = Release|Any CPU
		{12B7BA92-6B8E-4FC1-B0D0-6670207FEF8C}.Release|Any CPU.Build.0 = Release|Any CPU
		{249AA55E-F0A9-463B-9421-C1BC2BE2F89F}.Debug|Any CPU.ActiveCfg = Debug|Any CPU
		{249AA55E-F0A9-463B-9421-C1BC2BE2F89F}.Debug|Any CPU.Build.0 = Debug|Any CPU
		{249AA55E-F0A9-463B-9421-C1BC2BE2F89F}.Release|Any CPU.ActiveCfg = Release|Any CPU
		{249AA55E-F0A9-463B-9421-C1BC2BE2F89F}.Release|Any CPU.Build.0 = Release|Any CPU
		{6770C42F-633F-4692-A2B5-09028EBE7C46}.Debug|Any CPU.ActiveCfg = Debug|Any CPU
		{6770C42F-633F-4692-A2B5-09028EBE7C46}.Debug|Any CPU.Build.0 = Debug|Any CPU
		{6770C42F-633F-4692-A2B5-09028EBE7C46}.Release|Any CPU.ActiveCfg = Release|Any CPU
		{6770C42F-633F-4692-A2B5-09028EBE7C46}.Release|Any CPU.Build.0 = Release|Any CPU
		{96D3CAFE-6204-4AE0-90D9-43D5CA503D60}.Debug|Any CPU.ActiveCfg = Debug|Any CPU
		{96D3CAFE-6204-4AE0-90D9-43D5CA503D60}.Debug|Any CPU.Build.0 = Debug|Any CPU
		{96D3CAFE-6204-4AE0-90D9-43D5CA503D60}.Release|Any CPU.ActiveCfg = Release|Any CPU
		{96D3CAFE-6204-4AE0-90D9-43D5CA503D60}.Release|Any CPU.Build.0 = Release|Any CPU
		{CC8FC91E-8F1B-4F34-BDAF-0FBCC3BA9389}.Debug|Any CPU.ActiveCfg = Debug|Any CPU
		{CC8FC91E-8F1B-4F34-BDAF-0FBCC3BA9389}.Debug|Any CPU.Build.0 = Debug|Any CPU
		{CC8FC91E-8F1B-4F34-BDAF-0FBCC3BA9389}.Release|Any CPU.ActiveCfg = Release|Any CPU
		{CC8FC91E-8F1B-4F34-BDAF-0FBCC3BA9389}.Release|Any CPU.Build.0 = Release|Any CPU
		{214EFA47-1B95-4EF3-B69C-77F749609111}.Debug|Any CPU.ActiveCfg = Debug|Any CPU
		{214EFA47-1B95-4EF3-B69C-77F749609111}.Debug|Any CPU.Build.0 = Debug|Any CPU
		{214EFA47-1B95-4EF3-B69C-77F749609111}.Release|Any CPU.ActiveCfg = Release|Any CPU
		{214EFA47-1B95-4EF3-B69C-77F749609111}.Release|Any CPU.Build.0 = Release|Any CPU
		{DDE9C393-8A15-4357-AAC1-5EAE93C7793D}.Debug|Any CPU.ActiveCfg = Debug|Any CPU
		{DDE9C393-8A15-4357-AAC1-5EAE93C7793D}.Debug|Any CPU.Build.0 = Debug|Any CPU
		{DDE9C393-8A15-4357-AAC1-5EAE93C7793D}.Release|Any CPU.ActiveCfg = Release|Any CPU
		{DDE9C393-8A15-4357-AAC1-5EAE93C7793D}.Release|Any CPU.Build.0 = Release|Any CPU
		{D462A922-57CA-40A1-BCDE-CAA56826FE3E}.Debug|Any CPU.ActiveCfg = Debug|Any CPU
		{D462A922-57CA-40A1-BCDE-CAA56826FE3E}.Debug|Any CPU.Build.0 = Debug|Any CPU
		{D462A922-57CA-40A1-BCDE-CAA56826FE3E}.Release|Any CPU.ActiveCfg = Release|Any CPU
		{D462A922-57CA-40A1-BCDE-CAA56826FE3E}.Release|Any CPU.Build.0 = Release|Any CPU
		{1D05F60F-55C2-4C01-B784-D9C57F71EFFB}.Debug|Any CPU.ActiveCfg = Debug|Any CPU
		{1D05F60F-55C2-4C01-B784-D9C57F71EFFB}.Debug|Any CPU.Build.0 = Debug|Any CPU
		{1D05F60F-55C2-4C01-B784-D9C57F71EFFB}.Release|Any CPU.ActiveCfg = Release|Any CPU
		{1D05F60F-55C2-4C01-B784-D9C57F71EFFB}.Release|Any CPU.Build.0 = Release|Any CPU
		{C44C1447-6C6C-43F3-90D4-B265386EB8BC}.Debug|Any CPU.ActiveCfg = Debug|Any CPU
		{C44C1447-6C6C-43F3-90D4-B265386EB8BC}.Debug|Any CPU.Build.0 = Debug|Any CPU
		{C44C1447-6C6C-43F3-90D4-B265386EB8BC}.Release|Any CPU.ActiveCfg = Release|Any CPU
		{C44C1447-6C6C-43F3-90D4-B265386EB8BC}.Release|Any CPU.Build.0 = Release|Any CPU
		{2DA0F776-0344-4FA1-95FC-2CEA57388332}.Debug|Any CPU.ActiveCfg = Debug|Any CPU
		{2DA0F776-0344-4FA1-95FC-2CEA57388332}.Debug|Any CPU.Build.0 = Debug|Any CPU
		{2DA0F776-0344-4FA1-95FC-2CEA57388332}.Release|Any CPU.ActiveCfg = Release|Any CPU
		{2DA0F776-0344-4FA1-95FC-2CEA57388332}.Release|Any CPU.Build.0 = Release|Any CPU
		{34D7CF9C-3368-422A-BAD4-312A07980C4B}.Debug|Any CPU.ActiveCfg = Debug|Any CPU
		{34D7CF9C-3368-422A-BAD4-312A07980C4B}.Debug|Any CPU.Build.0 = Debug|Any CPU
		{34D7CF9C-3368-422A-BAD4-312A07980C4B}.Release|Any CPU.ActiveCfg = Release|Any CPU
		{34D7CF9C-3368-422A-BAD4-312A07980C4B}.Release|Any CPU.Build.0 = Release|Any CPU
		{DC6E4DB6-9A52-4CA2-92B8-1C17833E3FDD}.Debug|Any CPU.ActiveCfg = Debug|Any CPU
		{DC6E4DB6-9A52-4CA2-92B8-1C17833E3FDD}.Debug|Any CPU.Build.0 = Debug|Any CPU
		{DC6E4DB6-9A52-4CA2-92B8-1C17833E3FDD}.Release|Any CPU.ActiveCfg = Release|Any CPU
		{DC6E4DB6-9A52-4CA2-92B8-1C17833E3FDD}.Release|Any CPU.Build.0 = Release|Any CPU
	EndGlobalSection
	GlobalSection(SolutionProperties) = preSolution
		HideSolutionNode = FALSE
	EndGlobalSection
	GlobalSection(NestedProjects) = preSolution
		{399126A2-CD1D-438B-8025-EBBDBA0892A3} = {E88C1B26-BCA5-41A3-BE30-BEBB12ECC085}
		{1F4FD0F0-70D9-4BDA-A34F-34C4243D94D2} = {E88C1B26-BCA5-41A3-BE30-BEBB12ECC085}
		{A6DCEF29-9DC1-4D62-91ED-57DFCA63D20B} = {E88C1B26-BCA5-41A3-BE30-BEBB12ECC085}
		{19F0F0AB-83C4-47C5-BAD1-A9763196BB92} = {E88C1B26-BCA5-41A3-BE30-BEBB12ECC085}
		{A659214F-97CC-42E2-BC4D-27ABB3019ED2} = {E88C1B26-BCA5-41A3-BE30-BEBB12ECC085}
		{5985A975-0FE2-4AC1-A511-2FD1E65A401F} = {E88C1B26-BCA5-41A3-BE30-BEBB12ECC085}
		{12B7BA92-6B8E-4FC1-B0D0-6670207FEF8C} = {E88C1B26-BCA5-41A3-BE30-BEBB12ECC085}
		{249AA55E-F0A9-463B-9421-C1BC2BE2F89F} = {72EF98C4-68D6-439B-894C-44357CD0244A}
		{72EF98C4-68D6-439B-894C-44357CD0244A} = {CEC88AA9-5FCC-4417-B191-86AF32065955}
		{B8345A77-5732-4EF6-ADFC-E8A682999136} = {CEC88AA9-5FCC-4417-B191-86AF32065955}
		{CEC88AA9-5FCC-4417-B191-86AF32065955} = {55976B7D-DE42-42C7-993D-9963BA1A961E}
		{6770C42F-633F-4692-A2B5-09028EBE7C46} = {B8345A77-5732-4EF6-ADFC-E8A682999136}
		{F0869367-B8E0-44BE-AC67-F982BAD269EB} = {CEC88AA9-5FCC-4417-B191-86AF32065955}
		{96D3CAFE-6204-4AE0-90D9-43D5CA503D60} = {F0869367-B8E0-44BE-AC67-F982BAD269EB}
		{71313B78-E4C6-4255-8B96-8608B27736F7} = {CEC88AA9-5FCC-4417-B191-86AF32065955}
		{DDE9C393-8A15-4357-AAC1-5EAE93C7793D} = {71313B78-E4C6-4255-8B96-8608B27736F7}
		{D462A922-57CA-40A1-BCDE-CAA56826FE3E} = {71313B78-E4C6-4255-8B96-8608B27736F7}
		{89920ACB-6AAA-49AD-B32E-3C9E07FE15A2} = {CEC88AA9-5FCC-4417-B191-86AF32065955}
		{1D05F60F-55C2-4C01-B784-D9C57F71EFFB} = {89920ACB-6AAA-49AD-B32E-3C9E07FE15A2}
	EndGlobalSection
EndGlobal
