
Microsoft Visual Studio Solution File, Format Version 12.00
# Visual Studio 15
VisualStudioVersion = 15.0.26430.16
MinimumVisualStudioVersion = 10.0.40219.1
Project("{2150E333-8FDC-42A3-9474-1A3956D46DE8}") = "BuildingBlocks", "BuildingBlocks", "{E88C1B26-BCA5-41A3-BE30-BEBB12ECC085}"
EndProject
Project("{9A19103F-16F7-4668-BE54-9A1E7A4F7556}") = "EventBus", "BuildingBlocks\EventBus\EventBus\EventBus.csproj", "{399126A2-CD1D-438B-8025-EBBDBA0892A3}"
EndProject
Project("{9A19103F-16F7-4668-BE54-9A1E7A4F7556}") = "EventBusServiceBus", "BuildingBlocks\EventBus\EventBusServiceBus\EventBusServiceBus.csproj", "{1F4FD0F0-70D9-4BDA-A34F-34C4243D94D2}"
EndProject
Project("{9A19103F-16F7-4668-BE54-9A1E7A4F7556}") = "Microsoft.Extensions.HealthChecks.SqlServer", "BuildingBlocks\HealthChecks\src\Microsoft.Extensions.HealthChecks.SqlServer\Microsoft.Extensions.HealthChecks.SqlServer.csproj", "{A6DCEF29-9DC1-4D62-91ED-57DFCA63D20B}"
EndProject
Project("{9A19103F-16F7-4668-BE54-9A1E7A4F7556}") = "EventBusRabbitMQ", "BuildingBlocks\EventBus\EventBusRabbitMQ\EventBusRabbitMQ.csproj", "{19F0F0AB-83C4-47C5-BAD1-A9763196BB92}"
EndProject
Project("{9A19103F-16F7-4668-BE54-9A1E7A4F7556}") = "IntegrationEventLogEF", "BuildingBlocks\EventBus\IntegrationEventLogEF\IntegrationEventLogEF.csproj", "{A659214F-97CC-42E2-BC4D-27ABB3019ED2}"
EndProject
Project("{9A19103F-16F7-4668-BE54-9A1E7A4F7556}") = "Microsoft.Extensions.HealthChecks", "BuildingBlocks\HealthChecks\src\Microsoft.Extensions.HealthChecks\Microsoft.Extensions.HealthChecks.csproj", "{5985A975-0FE2-4AC1-A511-2FD1E65A401F}"
EndProject
Project("{9A19103F-16F7-4668-BE54-9A1E7A4F7556}") = "Microsoft.AspNetCore.HealthChecks", "BuildingBlocks\HealthChecks\src\Microsoft.AspNetCore.HealthChecks\Microsoft.AspNetCore.HealthChecks.csproj", "{12B7BA92-6B8E-4FC1-B0D0-6670207FEF8C}"
EndProject
Project("{2150E333-8FDC-42A3-9474-1A3956D46DE8}") = "MyDDDBuildingBlocks", "MyDDDBuildingBlocks", "{4D546F67-A331-4135-BBBA-EB8D87E12008}"
EndProject
Project("{9A19103F-16F7-4668-BE54-9A1E7A4F7556}") = "DDD.Domain.Core", "MyDDDBuildingBlocks\DDD.Domain.Core\DDD.Domain.Core.csproj", "{06A7044A-605C-4623-A9AF-691FFE127772}"
EndProject
Project("{9A19103F-16F7-4668-BE54-9A1E7A4F7556}") = "DDD.EventSourcing.Core", "MyDDDBuildingBlocks\DDD.EventSourcing.Core\DDD.EventSourcing.Core.csproj", "{230EB044-42CE-4AEF-9F83-7256438D798B}"
EndProject
Project("{9A19103F-16F7-4668-BE54-9A1E7A4F7556}") = "DDD.Infra.CrossCutting.Bus.Core", "MyDDDBuildingBlocks\DDD.Infra.CrossCutting.Bus.Core\DDD.Infra.CrossCutting.Bus.Core.csproj", "{9EF8FD5C-D5B0-4B59-AB34-556FF8FC08BD}"
EndProject
Project("{9A19103F-16F7-4668-BE54-9A1E7A4F7556}") = "DDD.Infra.CrossCutting.IoC", "MyDDDBuildingBlocks\DDD.Infra.CrossCutting.IoC\DDD.Infra.CrossCutting.IoC.csproj", "{671CE82B-73CC-430D-8296-47D8108C2089}"
EndProject
Project("{9A19103F-16F7-4668-BE54-9A1E7A4F7556}") = "DDD.Infra.EventSourcing.Core", "MyDDDBuildingBlocks\DDD.Infra.EventSourcing.Core\DDD.Infra.EventSourcing.Core.csproj", "{D4AAFA5B-0372-45E4-936D-7C617695434B}"
EndProject
Project("{2150E333-8FDC-42A3-9474-1A3956D46DE8}") = "MyDemo", "MyDemo", "{C0CD1575-EBBC-4BAD-B25C-B070F8F9D232}"
EndProject
Project("{9A19103F-16F7-4668-BE54-9A1E7A4F7556}") = "GameOfThrones.Domain", "MyDemo\DomainDrivenDesign.Domain\GameOfThrones.Domain.csproj", "{222E2342-976B-4342-A4AB-ABF53B988F99}"
EndProject
Project("{9A19103F-16F7-4668-BE54-9A1E7A4F7556}") = "GameOfThrones.API", "MyDemo\GameOfThrones.API\GameOfThrones.API.csproj", "{9DDF2D24-9B85-434A-A4E1-5AC2438E35A1}"
EndProject
Project("{9A19103F-16F7-4668-BE54-9A1E7A4F7556}") = "GameOfThrones.Domain.WriteService", "MyDemo\GameOfThrones.DomainDrivenDesign.BusinessCommand\GameOfThrones.Domain.WriteService.csproj", "{E74546EA-0EDA-44DA-A0C9-EF774DCBE6F2}"
EndProject
Project("{9A19103F-16F7-4668-BE54-9A1E7A4F7556}") = "GameOfThrones.Domain.ReadService", "MyDemo\GameOfThrones.DomainDrivenDesign.BusinessQuery\GameOfThrones.Domain.ReadService.csproj", "{694594FF-28CC-472C-A73F-FE77965396A1}"
EndProject
Project("{9A19103F-16F7-4668-BE54-9A1E7A4F7556}") = "GameOfThrones.EventSourcing", "MyDemo\GameOfThrones.EventSourcing\GameOfThrones.EventSourcing.csproj", "{AF22B9D5-6125-4DA3-9C04-24FED1AE2859}"
EndProject
Project("{9A19103F-16F7-4668-BE54-9A1E7A4F7556}") = "GameOfThrones.Infrastructure", "MyDemo\GameOfThrones.Infrastructure\GameOfThrones.Infrastructure.csproj", "{DAF6520E-5911-4D31-AA6D-1267B53E73D7}"
EndProject
Project("{9A19103F-16F7-4668-BE54-9A1E7A4F7556}") = "DDD.Infra.Core", "MyDDDBuildingBlocks\DDD.Infra.Core\DDD.Infra.Core.csproj", "{4905E2FC-39E9-4FDD-9451-B83833E26DA0}"
EndProject
Project("{2150E333-8FDC-42A3-9474-1A3956D46DE8}") = "01.Presentation", "01.Presentation", "{B9649DE2-27DF-4CFF-8ADA-EE053A9836D6}"
EndProject
Project("{2150E333-8FDC-42A3-9474-1A3956D46DE8}") = "02.ApplicationLayer", "02.ApplicationLayer", "{80A9B383-C68F-4353-837E-FAA0EE2A1608}"
EndProject
Project("{2150E333-8FDC-42A3-9474-1A3956D46DE8}") = "03.DomainLayer", "03.DomainLayer", "{6681AE8A-B268-4C56-90D2-739DE8CBBFAC}"
EndProject
Project("{2150E333-8FDC-42A3-9474-1A3956D46DE8}") = "04.InfrastructureLayer", "04.InfrastructureLayer", "{DEC02F3E-91EE-4ECA-8A33-9BEB8195A71F}"
EndProject
Project("{2150E333-8FDC-42A3-9474-1A3956D46DE8}") = "05.AntiCorruptionLayer", "05.AntiCorruptionLayer", "{854CAF91-5B8F-4270-A8FF-DC2B82C2FA09}"
EndProject
Project("{2150E333-8FDC-42A3-9474-1A3956D46DE8}") = "01.PresentationLayer", "01.PresentationLayer", "{1055D71D-A3CE-4C5F-9056-D43305BCDF6E}"
EndProject
Project("{2150E333-8FDC-42A3-9474-1A3956D46DE8}") = "02.ApplicationLayer", "02.ApplicationLayer", "{1BB2F838-C594-4B31-B124-421A4810B4A1}"
EndProject
Project("{2150E333-8FDC-42A3-9474-1A3956D46DE8}") = "03.DomainLayer", "03.DomainLayer", "{3A4C29AF-53E0-4DE9-9DEC-42EB042A11A9}"
EndProject
Project("{2150E333-8FDC-42A3-9474-1A3956D46DE8}") = "04.InfrastructureLayer", "04.InfrastructureLayer", "{31A22D25-B978-4B65-AB57-1D859C7646B9}"
EndProject
Project("{2150E333-8FDC-42A3-9474-1A3956D46DE8}") = "05.AntiCorruptionLayer", "05.AntiCorruptionLayer", "{BF4F43B6-3626-4225-818D-4C1186FC15BB}"
EndProject
Project("{9A19103F-16F7-4668-BE54-9A1E7A4F7556}") = "GameOfThrones.Domain.WriteModel", "MyDemo\GameOfThrones.Domain.WriteModel\GameOfThrones.Domain.WriteModel.csproj", "{E6803D56-BDB2-42D4-9175-1C9F9176D093}"
EndProject
Project("{2150E333-8FDC-42A3-9474-1A3956D46DE8}") = "01.Command", "01.Command", "{3609DDE3-17A2-4F80-9226-1A2F003F53B8}"
EndProject
Project("{2150E333-8FDC-42A3-9474-1A3956D46DE8}") = "02.Query", "02.Query", "{EF74EB6C-A10F-472B-B060-0959319EB924}"
EndProject
Project("{9A19103F-16F7-4668-BE54-9A1E7A4F7556}") = "GameOfThrones.Infra.CrossCutting.IoC", "GameOfThrones.Infra.CrossCutting.IoC\GameOfThrones.Infra.CrossCutting.IoC.csproj", "{B42A8682-46ED-45A7-AFBB-8547433619EE}"
EndProject
Global
	GlobalSection(SolutionConfigurationPlatforms) = preSolution
		Debug|Any CPU = Debug|Any CPU
		Release|Any CPU = Release|Any CPU
	EndGlobalSection
	GlobalSection(ProjectConfigurationPlatforms) = postSolution
		{399126A2-CD1D-438B-8025-EBBDBA0892A3}.Debug|Any CPU.ActiveCfg = Debug|Any CPU
		{399126A2-CD1D-438B-8025-EBBDBA0892A3}.Debug|Any CPU.Build.0 = Debug|Any CPU
		{399126A2-CD1D-438B-8025-EBBDBA0892A3}.Release|Any CPU.ActiveCfg = Release|Any CPU
		{399126A2-CD1D-438B-8025-EBBDBA0892A3}.Release|Any CPU.Build.0 = Release|Any CPU
		{1F4FD0F0-70D9-4BDA-A34F-34C4243D94D2}.Debug|Any CPU.ActiveCfg = Debug|Any CPU
		{1F4FD0F0-70D9-4BDA-A34F-34C4243D94D2}.Debug|Any CPU.Build.0 = Debug|Any CPU
		{1F4FD0F0-70D9-4BDA-A34F-34C4243D94D2}.Release|Any CPU.ActiveCfg = Release|Any CPU
		{1F4FD0F0-70D9-4BDA-A34F-34C4243D94D2}.Release|Any CPU.Build.0 = Release|Any CPU
		{A6DCEF29-9DC1-4D62-91ED-57DFCA63D20B}.Debug|Any CPU.ActiveCfg = Debug|Any CPU
		{A6DCEF29-9DC1-4D62-91ED-57DFCA63D20B}.Debug|Any CPU.Build.0 = Debug|Any CPU
		{A6DCEF29-9DC1-4D62-91ED-57DFCA63D20B}.Release|Any CPU.ActiveCfg = Release|Any CPU
		{A6DCEF29-9DC1-4D62-91ED-57DFCA63D20B}.Release|Any CPU.Build.0 = Release|Any CPU
		{19F0F0AB-83C4-47C5-BAD1-A9763196BB92}.Debug|Any CPU.ActiveCfg = Debug|Any CPU
		{19F0F0AB-83C4-47C5-BAD1-A9763196BB92}.Debug|Any CPU.Build.0 = Debug|Any CPU
		{19F0F0AB-83C4-47C5-BAD1-A9763196BB92}.Release|Any CPU.ActiveCfg = Release|Any CPU
		{19F0F0AB-83C4-47C5-BAD1-A9763196BB92}.Release|Any CPU.Build.0 = Release|Any CPU
		{A659214F-97CC-42E2-BC4D-27ABB3019ED2}.Debug|Any CPU.ActiveCfg = Debug|Any CPU
		{A659214F-97CC-42E2-BC4D-27ABB3019ED2}.Debug|Any CPU.Build.0 = Debug|Any CPU
		{A659214F-97CC-42E2-BC4D-27ABB3019ED2}.Release|Any CPU.ActiveCfg = Release|Any CPU
		{A659214F-97CC-42E2-BC4D-27ABB3019ED2}.Release|Any CPU.Build.0 = Release|Any CPU
		{5985A975-0FE2-4AC1-A511-2FD1E65A401F}.Debug|Any CPU.ActiveCfg = Debug|Any CPU
		{5985A975-0FE2-4AC1-A511-2FD1E65A401F}.Debug|Any CPU.Build.0 = Debug|Any CPU
		{5985A975-0FE2-4AC1-A511-2FD1E65A401F}.Release|Any CPU.ActiveCfg = Release|Any CPU
		{5985A975-0FE2-4AC1-A511-2FD1E65A401F}.Release|Any CPU.Build.0 = Release|Any CPU
		{12B7BA92-6B8E-4FC1-B0D0-6670207FEF8C}.Debug|Any CPU.ActiveCfg = Debug|Any CPU
		{12B7BA92-6B8E-4FC1-B0D0-6670207FEF8C}.Debug|Any CPU.Build.0 = Debug|Any CPU
		{12B7BA92-6B8E-4FC1-B0D0-6670207FEF8C}.Release|Any CPU.ActiveCfg = Release|Any CPU
		{12B7BA92-6B8E-4FC1-B0D0-6670207FEF8C}.Release|Any CPU.Build.0 = Release|Any CPU
		{06A7044A-605C-4623-A9AF-691FFE127772}.Debug|Any CPU.ActiveCfg = Debug|Any CPU
		{06A7044A-605C-4623-A9AF-691FFE127772}.Debug|Any CPU.Build.0 = Debug|Any CPU
		{06A7044A-605C-4623-A9AF-691FFE127772}.Release|Any CPU.ActiveCfg = Release|Any CPU
		{06A7044A-605C-4623-A9AF-691FFE127772}.Release|Any CPU.Build.0 = Release|Any CPU
		{230EB044-42CE-4AEF-9F83-7256438D798B}.Debug|Any CPU.ActiveCfg = Debug|Any CPU
		{230EB044-42CE-4AEF-9F83-7256438D798B}.Debug|Any CPU.Build.0 = Debug|Any CPU
		{230EB044-42CE-4AEF-9F83-7256438D798B}.Release|Any CPU.ActiveCfg = Release|Any CPU
		{230EB044-42CE-4AEF-9F83-7256438D798B}.Release|Any CPU.Build.0 = Release|Any CPU
		{9EF8FD5C-D5B0-4B59-AB34-556FF8FC08BD}.Debug|Any CPU.ActiveCfg = Debug|Any CPU
		{9EF8FD5C-D5B0-4B59-AB34-556FF8FC08BD}.Debug|Any CPU.Build.0 = Debug|Any CPU
		{9EF8FD5C-D5B0-4B59-AB34-556FF8FC08BD}.Release|Any CPU.ActiveCfg = Release|Any CPU
		{9EF8FD5C-D5B0-4B59-AB34-556FF8FC08BD}.Release|Any CPU.Build.0 = Release|Any CPU
		{671CE82B-73CC-430D-8296-47D8108C2089}.Debug|Any CPU.ActiveCfg = Debug|Any CPU
		{671CE82B-73CC-430D-8296-47D8108C2089}.Debug|Any CPU.Build.0 = Debug|Any CPU
		{671CE82B-73CC-430D-8296-47D8108C2089}.Release|Any CPU.ActiveCfg = Release|Any CPU
		{671CE82B-73CC-430D-8296-47D8108C2089}.Release|Any CPU.Build.0 = Release|Any CPU
		{D4AAFA5B-0372-45E4-936D-7C617695434B}.Debug|Any CPU.ActiveCfg = Debug|Any CPU
		{D4AAFA5B-0372-45E4-936D-7C617695434B}.Debug|Any CPU.Build.0 = Debug|Any CPU
		{D4AAFA5B-0372-45E4-936D-7C617695434B}.Release|Any CPU.ActiveCfg = Release|Any CPU
		{D4AAFA5B-0372-45E4-936D-7C617695434B}.Release|Any CPU.Build.0 = Release|Any CPU
		{222E2342-976B-4342-A4AB-ABF53B988F99}.Debug|Any CPU.ActiveCfg = Debug|Any CPU
		{222E2342-976B-4342-A4AB-ABF53B988F99}.Debug|Any CPU.Build.0 = Debug|Any CPU
		{222E2342-976B-4342-A4AB-ABF53B988F99}.Release|Any CPU.ActiveCfg = Release|Any CPU
		{222E2342-976B-4342-A4AB-ABF53B988F99}.Release|Any CPU.Build.0 = Release|Any CPU
		{9DDF2D24-9B85-434A-A4E1-5AC2438E35A1}.Debug|Any CPU.ActiveCfg = Debug|Any CPU
		{9DDF2D24-9B85-434A-A4E1-5AC2438E35A1}.Debug|Any CPU.Build.0 = Debug|Any CPU
		{9DDF2D24-9B85-434A-A4E1-5AC2438E35A1}.Release|Any CPU.ActiveCfg = Release|Any CPU
		{9DDF2D24-9B85-434A-A4E1-5AC2438E35A1}.Release|Any CPU.Build.0 = Release|Any CPU
		{E74546EA-0EDA-44DA-A0C9-EF774DCBE6F2}.Debug|Any CPU.ActiveCfg = Debug|Any CPU
		{E74546EA-0EDA-44DA-A0C9-EF774DCBE6F2}.Debug|Any CPU.Build.0 = Debug|Any CPU
		{E74546EA-0EDA-44DA-A0C9-EF774DCBE6F2}.Release|Any CPU.ActiveCfg = Release|Any CPU
		{E74546EA-0EDA-44DA-A0C9-EF774DCBE6F2}.Release|Any CPU.Build.0 = Release|Any CPU
		{694594FF-28CC-472C-A73F-FE77965396A1}.Debug|Any CPU.ActiveCfg = Debug|Any CPU
		{694594FF-28CC-472C-A73F-FE77965396A1}.Debug|Any CPU.Build.0 = Debug|Any CPU
		{694594FF-28CC-472C-A73F-FE77965396A1}.Release|Any CPU.ActiveCfg = Release|Any CPU
		{694594FF-28CC-472C-A73F-FE77965396A1}.Release|Any CPU.Build.0 = Release|Any CPU
		{AF22B9D5-6125-4DA3-9C04-24FED1AE2859}.Debug|Any CPU.ActiveCfg = Debug|Any CPU
		{AF22B9D5-6125-4DA3-9C04-24FED1AE2859}.Debug|Any CPU.Build.0 = Debug|Any CPU
		{AF22B9D5-6125-4DA3-9C04-24FED1AE2859}.Release|Any CPU.ActiveCfg = Release|Any CPU
		{AF22B9D5-6125-4DA3-9C04-24FED1AE2859}.Release|Any CPU.Build.0 = Release|Any CPU
		{DAF6520E-5911-4D31-AA6D-1267B53E73D7}.Debug|Any CPU.ActiveCfg = Debug|Any CPU
		{DAF6520E-5911-4D31-AA6D-1267B53E73D7}.Debug|Any CPU.Build.0 = Debug|Any CPU
		{DAF6520E-5911-4D31-AA6D-1267B53E73D7}.Release|Any CPU.ActiveCfg = Release|Any CPU
		{DAF6520E-5911-4D31-AA6D-1267B53E73D7}.Release|Any CPU.Build.0 = Release|Any CPU
		{4905E2FC-39E9-4FDD-9451-B83833E26DA0}.Debug|Any CPU.ActiveCfg = Debug|Any CPU
		{4905E2FC-39E9-4FDD-9451-B83833E26DA0}.Debug|Any CPU.Build.0 = Debug|Any CPU
		{4905E2FC-39E9-4FDD-9451-B83833E26DA0}.Release|Any CPU.ActiveCfg = Release|Any CPU
		{4905E2FC-39E9-4FDD-9451-B83833E26DA0}.Release|Any CPU.Build.0 = Release|Any CPU
		{E6803D56-BDB2-42D4-9175-1C9F9176D093}.Debug|Any CPU.ActiveCfg = Debug|Any CPU
		{E6803D56-BDB2-42D4-9175-1C9F9176D093}.Debug|Any CPU.Build.0 = Debug|Any CPU
		{E6803D56-BDB2-42D4-9175-1C9F9176D093}.Release|Any CPU.ActiveCfg = Release|Any CPU
		{E6803D56-BDB2-42D4-9175-1C9F9176D093}.Release|Any CPU.Build.0 = Release|Any CPU
		{B42A8682-46ED-45A7-AFBB-8547433619EE}.Debug|Any CPU.ActiveCfg = Debug|Any CPU
		{B42A8682-46ED-45A7-AFBB-8547433619EE}.Debug|Any CPU.Build.0 = Debug|Any CPU
		{B42A8682-46ED-45A7-AFBB-8547433619EE}.Release|Any CPU.ActiveCfg = Release|Any CPU
		{B42A8682-46ED-45A7-AFBB-8547433619EE}.Release|Any CPU.Build.0 = Release|Any CPU
	EndGlobalSection
	GlobalSection(SolutionProperties) = preSolution
		HideSolutionNode = FALSE
	EndGlobalSection
	GlobalSection(NestedProjects) = preSolution
		{399126A2-CD1D-438B-8025-EBBDBA0892A3} = {E88C1B26-BCA5-41A3-BE30-BEBB12ECC085}
		{1F4FD0F0-70D9-4BDA-A34F-34C4243D94D2} = {E88C1B26-BCA5-41A3-BE30-BEBB12ECC085}
		{A6DCEF29-9DC1-4D62-91ED-57DFCA63D20B} = {E88C1B26-BCA5-41A3-BE30-BEBB12ECC085}
		{19F0F0AB-83C4-47C5-BAD1-A9763196BB92} = {E88C1B26-BCA5-41A3-BE30-BEBB12ECC085}
		{A659214F-97CC-42E2-BC4D-27ABB3019ED2} = {E88C1B26-BCA5-41A3-BE30-BEBB12ECC085}
		{5985A975-0FE2-4AC1-A511-2FD1E65A401F} = {E88C1B26-BCA5-41A3-BE30-BEBB12ECC085}
		{12B7BA92-6B8E-4FC1-B0D0-6670207FEF8C} = {E88C1B26-BCA5-41A3-BE30-BEBB12ECC085}
		{06A7044A-605C-4623-A9AF-691FFE127772} = {3A4C29AF-53E0-4DE9-9DEC-42EB042A11A9}
		{230EB044-42CE-4AEF-9F83-7256438D798B} = {3A4C29AF-53E0-4DE9-9DEC-42EB042A11A9}
		{9EF8FD5C-D5B0-4B59-AB34-556FF8FC08BD} = {31A22D25-B978-4B65-AB57-1D859C7646B9}
		{671CE82B-73CC-430D-8296-47D8108C2089} = {31A22D25-B978-4B65-AB57-1D859C7646B9}
		{D4AAFA5B-0372-45E4-936D-7C617695434B} = {31A22D25-B978-4B65-AB57-1D859C7646B9}
		{222E2342-976B-4342-A4AB-ABF53B988F99} = {6681AE8A-B268-4C56-90D2-739DE8CBBFAC}
		{9DDF2D24-9B85-434A-A4E1-5AC2438E35A1} = {80A9B383-C68F-4353-837E-FAA0EE2A1608}
		{E74546EA-0EDA-44DA-A0C9-EF774DCBE6F2} = {3609DDE3-17A2-4F80-9226-1A2F003F53B8}
		{694594FF-28CC-472C-A73F-FE77965396A1} = {EF74EB6C-A10F-472B-B060-0959319EB924}
		{AF22B9D5-6125-4DA3-9C04-24FED1AE2859} = {6681AE8A-B268-4C56-90D2-739DE8CBBFAC}
		{DAF6520E-5911-4D31-AA6D-1267B53E73D7} = {DEC02F3E-91EE-4ECA-8A33-9BEB8195A71F}
		{4905E2FC-39E9-4FDD-9451-B83833E26DA0} = {31A22D25-B978-4B65-AB57-1D859C7646B9}
		{B9649DE2-27DF-4CFF-8ADA-EE053A9836D6} = {C0CD1575-EBBC-4BAD-B25C-B070F8F9D232}
		{80A9B383-C68F-4353-837E-FAA0EE2A1608} = {C0CD1575-EBBC-4BAD-B25C-B070F8F9D232}
		{6681AE8A-B268-4C56-90D2-739DE8CBBFAC} = {C0CD1575-EBBC-4BAD-B25C-B070F8F9D232}
		{DEC02F3E-91EE-4ECA-8A33-9BEB8195A71F} = {C0CD1575-EBBC-4BAD-B25C-B070F8F9D232}
		{854CAF91-5B8F-4270-A8FF-DC2B82C2FA09} = {C0CD1575-EBBC-4BAD-B25C-B070F8F9D232}
		{1055D71D-A3CE-4C5F-9056-D43305BCDF6E} = {4D546F67-A331-4135-BBBA-EB8D87E12008}
		{1BB2F838-C594-4B31-B124-421A4810B4A1} = {4D546F67-A331-4135-BBBA-EB8D87E12008}
		{3A4C29AF-53E0-4DE9-9DEC-42EB042A11A9} = {4D546F67-A331-4135-BBBA-EB8D87E12008}
		{31A22D25-B978-4B65-AB57-1D859C7646B9} = {4D546F67-A331-4135-BBBA-EB8D87E12008}
		{BF4F43B6-3626-4225-818D-4C1186FC15BB} = {4D546F67-A331-4135-BBBA-EB8D87E12008}
		{E6803D56-BDB2-42D4-9175-1C9F9176D093} = {3609DDE3-17A2-4F80-9226-1A2F003F53B8}
		{3609DDE3-17A2-4F80-9226-1A2F003F53B8} = {6681AE8A-B268-4C56-90D2-739DE8CBBFAC}
		{EF74EB6C-A10F-472B-B060-0959319EB924} = {6681AE8A-B268-4C56-90D2-739DE8CBBFAC}
		{B42A8682-46ED-45A7-AFBB-8547433619EE} = {DEC02F3E-91EE-4ECA-8A33-9BEB8195A71F}
	EndGlobalSection
EndGlobal
